
Microsoft Visual Studio Solution File, Format Version 12.00
# Visual Studio Version 17
VisualStudioVersion = 17.0.31717.71
MinimumVisualStudioVersion = 10.0.40219.1
Project("{9A19103F-16F7-4668-BE54-9A1E7A4F7556}") = "Portfolio", "Portfolio.csproj", "{47C96750-4CF1-4EB1-A969-8757E358A58D}"
EndProject
Global
	GlobalSection(SolutionConfigurationPlatforms) = preSolution
		Debug|Any CPU = Debug|Any CPU
		Release|Any CPU = Release|Any CPU
	EndGlobalSection
	GlobalSection(ProjectConfigurationPlatforms) = postSolution
		{47C96750-4CF1-4EB1-A969-8757E358A58D}.Debug|Any CPU.ActiveCfg = Debug|Any CPU
		{47C96750-4CF1-4EB1-A969-8757E358A58D}.Debug|Any CPU.Build.0 = Debug|Any CPU
		{47C96750-4CF1-4EB1-A969-8757E358A58D}.Release|Any CPU.ActiveCfg = Release|Any CPU
		{47C96750-4CF1-4EB1-A969-8757E358A58D}.Release|Any CPU.Build.0 = Release|Any CPU
	EndGlobalSection
	GlobalSection(SolutionProperties) = preSolution
		HideSolutionNode = FALSE
	EndGlobalSection
	GlobalSection(ExtensibilityGlobals) = postSolution
		SolutionGuid = {39EF9591-9359-408A-8E6D-742870F1917C}
	EndGlobalSection
EndGlobal